// !$*UTF8*$!
{
	archiveVersion = 1;
	classes = {
	};
	objectVersion = 46;
	objects = {

/* Begin PBXBuildFile section */
		9A335F9216AD9EC800614301 /* UIKit.framework in Frameworks */ = {isa = PBXBuildFile; fileRef = 9A335F9116AD9EC800614301 /* UIKit.framework */; };
		9A335F9416AD9EC800614301 /* Foundation.framework in Frameworks */ = {isa = PBXBuildFile; fileRef = 9A335F9316AD9EC800614301 /* Foundation.framework */; };
		9A335F9616AD9EC800614301 /* CoreGraphics.framework in Frameworks */ = {isa = PBXBuildFile; fileRef = 9A335F9516AD9EC800614301 /* CoreGraphics.framework */; };
		9A335F9C16AD9EC800614301 /* InfoPlist.strings in Resources */ = {isa = PBXBuildFile; fileRef = 9A335F9A16AD9EC800614301 /* InfoPlist.strings */; };
		9A335F9E16AD9EC800614301 /* main.m in Sources */ = {isa = PBXBuildFile; fileRef = 9A335F9D16AD9EC800614301 /* main.m */; };
		9A335FA216AD9EC900614301 /* testAppDelegate.m in Sources */ = {isa = PBXBuildFile; fileRef = 9A335FA116AD9EC900614301 /* testAppDelegate.m */; };
		9A335FA416AD9EC900614301 /* Default.png in Resources */ = {isa = PBXBuildFile; fileRef = 9A335FA316AD9EC900614301 /* Default.png */; };
		9A335FA616AD9EC900614301 /* Default@2x.png in Resources */ = {isa = PBXBuildFile; fileRef = 9A335FA516AD9EC900614301 /* Default@2x.png */; };
		9A335FA816AD9EC900614301 /* Default-568h@2x.png in Resources */ = {isa = PBXBuildFile; fileRef = 9A335FA716AD9EC900614301 /* Default-568h@2x.png */; };
		9A335FAB16AD9EC900614301 /* testViewController.m in Sources */ = {isa = PBXBuildFile; fileRef = 9A335FAA16AD9EC900614301 /* testViewController.m */; };
		9A335FAE16AD9EC900614301 /* testViewController_iPhone.xib in Resources */ = {isa = PBXBuildFile; fileRef = 9A335FAC16AD9EC900614301 /* testViewController_iPhone.xib */; };
		9A335FB116AD9EC900614301 /* testViewController_iPad.xib in Resources */ = {isa = PBXBuildFile; fileRef = 9A335FAF16AD9EC900614301 /* testViewController_iPad.xib */; };
		9A335FB816AD9EF500614301 /* libxml2.2.dylib in Frameworks */ = {isa = PBXBuildFile; fileRef = 9A335FB716AD9EF500614301 /* libxml2.2.dylib */; };
		9A335FBF16ADA09800614301 /* GDataXMLNode.m in Sources */ = {isa = PBXBuildFile; fileRef = 9A335FBE16ADA09800614301 /* GDataXMLNode.m */; };
/* End PBXBuildFile section */

/* Begin PBXFileReference section */
		9A335F8D16AD9EC800614301 /* xpath.app */ = {isa = PBXFileReference; explicitFileType = wrapper.application; includeInIndex = 0; path = xpath.app; sourceTree = BUILT_PRODUCTS_DIR; };
		9A335F9116AD9EC800614301 /* UIKit.framework */ = {isa = PBXFileReference; lastKnownFileType = wrapper.framework; name = UIKit.framework; path = System/Library/Frameworks/UIKit.framework; sourceTree = SDKROOT; };
		9A335F9316AD9EC800614301 /* Foundation.framework */ = {isa = PBXFileReference; lastKnownFileType = wrapper.framework; name = Foundation.framework; path = System/Library/Frameworks/Foundation.framework; sourceTree = SDKROOT; };
		9A335F9516AD9EC800614301 /* CoreGraphics.framework */ = {isa = PBXFileReference; lastKnownFileType = wrapper.framework; name = CoreGraphics.framework; path = System/Library/Frameworks/CoreGraphics.framework; sourceTree = SDKROOT; };
		9A335F9916AD9EC800614301 /* xpath-Info.plist */ = {isa = PBXFileReference; lastKnownFileType = text.plist.xml; path = "xpath-Info.plist"; sourceTree = "<group>"; };
		9A335F9B16AD9EC800614301 /* en */ = {isa = PBXFileReference; lastKnownFileType = text.plist.strings; name = en; path = en.lproj/InfoPlist.strings; sourceTree = "<group>"; };
		9A335F9D16AD9EC800614301 /* main.m */ = {isa = PBXFileReference; lastKnownFileType = sourcecode.c.objc; path = main.m; sourceTree = "<group>"; };
		9A335F9F16AD9EC900614301 /* xpath-Prefix.pch */ = {isa = PBXFileReference; lastKnownFileType = sourcecode.c.h; path = "xpath-Prefix.pch"; sourceTree = "<group>"; };
		9A335FA016AD9EC900614301 /* testAppDelegate.h */ = {isa = PBXFileReference; lastKnownFileType = sourcecode.c.h; path = testAppDelegate.h; sourceTree = "<group>"; };
		9A335FA116AD9EC900614301 /* testAppDelegate.m */ = {isa = PBXFileReference; lastKnownFileType = sourcecode.c.objc; path = testAppDelegate.m; sourceTree = "<group>"; };
		9A335FA316AD9EC900614301 /* Default.png */ = {isa = PBXFileReference; lastKnownFileType = image.png; path = Default.png; sourceTree = "<group>"; };
		9A335FA516AD9EC900614301 /* Default@2x.png */ = {isa = PBXFileReference; lastKnownFileType = image.png; path = "Default@2x.png"; sourceTree = "<group>"; };
		9A335FA716AD9EC900614301 /* Default-568h@2x.png */ = {isa = PBXFileReference; lastKnownFileType = image.png; path = "Default-568h@2x.png"; sourceTree = "<group>"; };
		9A335FA916AD9EC900614301 /* testViewController.h */ = {isa = PBXFileReference; lastKnownFileType = sourcecode.c.h; path = testViewController.h; sourceTree = "<group>"; };
		9A335FAA16AD9EC900614301 /* testViewController.m */ = {isa = PBXFileReference; lastKnownFileType = sourcecode.c.objc; path = testViewController.m; sourceTree = "<group>"; };
		9A335FAD16AD9EC900614301 /* en */ = {isa = PBXFileReference; lastKnownFileType = file.xib; name = en; path = en.lproj/testViewController_iPhone.xib; sourceTree = "<group>"; };
		9A335FB016AD9EC900614301 /* en */ = {isa = PBXFileReference; lastKnownFileType = file.xib; name = en; path = en.lproj/testViewController_iPad.xib; sourceTree = "<group>"; };
		9A335FB716AD9EF500614301 /* libxml2.2.dylib */ = {isa = PBXFileReference; lastKnownFileType = "compiled.mach-o.dylib"; name = libxml2.2.dylib; path = usr/lib/libxml2.2.dylib; sourceTree = SDKROOT; };
		9A335FBD16ADA09800614301 /* GDataXMLNode.h */ = {isa = PBXFileReference; fileEncoding = 4; lastKnownFileType = sourcecode.c.h; path = GDataXMLNode.h; sourceTree = "<group>"; };
		9A335FBE16ADA09800614301 /* GDataXMLNode.m */ = {isa = PBXFileReference; fileEncoding = 4; lastKnownFileType = sourcecode.c.objc; path = GDataXMLNode.m; sourceTree = "<group>"; };
		9A335FC016ADA0AA00614301 /* GDataDefines.h */ = {isa = PBXFileReference; fileEncoding = 4; lastKnownFileType = sourcecode.c.h; path = GDataDefines.h; sourceTree = "<group>"; };
		9A335FC116ADA0AA00614301 /* GDataTargetNamespace.h */ = {isa = PBXFileReference; fileEncoding = 4; lastKnownFileType = sourcecode.c.h; path = GDataTargetNamespace.h; sourceTree = "<group>"; };
/* End PBXFileReference section */

/* Begin PBXFrameworksBuildPhase section */
		9A335F8A16AD9EC800614301 /* Frameworks */ = {
			isa = PBXFrameworksBuildPhase;
			buildActionMask = 2147483647;
			files = (
				9A335FB816AD9EF500614301 /* libxml2.2.dylib in Frameworks */,
				9A335F9216AD9EC800614301 /* UIKit.framework in Frameworks */,
				9A335F9416AD9EC800614301 /* Foundation.framework in Frameworks */,
				9A335F9616AD9EC800614301 /* CoreGraphics.framework in Frameworks */,
			);
			runOnlyForDeploymentPostprocessing = 0;
		};
/* End PBXFrameworksBuildPhase section */

/* Begin PBXGroup section */
		9A335F8216AD9EC800614301 = {
			isa = PBXGroup;
			children = (
				9A335FB716AD9EF500614301 /* libxml2.2.dylib */,
				9A335F9716AD9EC800614301 /* xpath */,
				9A335F9016AD9EC800614301 /* Frameworks */,
				9A335F8E16AD9EC800614301 /* Products */,
			);
			sourceTree = "<group>";
		};
		9A335F8E16AD9EC800614301 /* Products */ = {
			isa = PBXGroup;
			children = (
				9A335F8D16AD9EC800614301 /* xpath.app */,
			);
			name = Products;
			sourceTree = "<group>";
		};
		9A335F9016AD9EC800614301 /* Frameworks */ = {
			isa = PBXGroup;
			children = (
				9A335F9116AD9EC800614301 /* UIKit.framework */,
				9A335F9316AD9EC800614301 /* Foundation.framework */,
				9A335F9516AD9EC800614301 /* CoreGraphics.framework */,
			);
			name = Frameworks;
			sourceTree = "<group>";
		};
		9A335F9716AD9EC800614301 /* xpath */ = {
			isa = PBXGroup;
			children = (
				9A335FA016AD9EC900614301 /* testAppDelegate.h */,
				9A335FA116AD9EC900614301 /* testAppDelegate.m */,
				9A335FA916AD9EC900614301 /* testViewController.h */,
				9A335FAA16AD9EC900614301 /* testViewController.m */,
				9A335FAC16AD9EC900614301 /* testViewController_iPhone.xib */,
				9A335FBD16ADA09800614301 /* GDataXMLNode.h */,
				9A335FC016ADA0AA00614301 /* GDataDefines.h */,
				9A335FC116ADA0AA00614301 /* GDataTargetNamespace.h */,
				9A335FBE16ADA09800614301 /* GDataXMLNode.m */,
				9A335FAF16AD9EC900614301 /* testViewController_iPad.xib */,
				9A335F9816AD9EC800614301 /* Supporting Files */,
			);
			path = xpath;
			sourceTree = "<group>";
		};
		9A335F9816AD9EC800614301 /* Supporting Files */ = {
			isa = PBXGroup;
			children = (
				9A335F9916AD9EC800614301 /* xpath-Info.plist */,
				9A335F9A16AD9EC800614301 /* InfoPlist.strings */,
				9A335F9D16AD9EC800614301 /* main.m */,
				9A335F9F16AD9EC900614301 /* xpath-Prefix.pch */,
				9A335FA316AD9EC900614301 /* Default.png */,
				9A335FA516AD9EC900614301 /* Default@2x.png */,
				9A335FA716AD9EC900614301 /* Default-568h@2x.png */,
			);
			name = "Supporting Files";
			sourceTree = "<group>";
		};
/* End PBXGroup section */

/* Begin PBXNativeTarget section */
		9A335F8C16AD9EC800614301 /* xpath */ = {
			isa = PBXNativeTarget;
			buildConfigurationList = 9A335FB416AD9EC900614301 /* Build configuration list for PBXNativeTarget "xpath" */;
			buildPhases = (
				9A335F8916AD9EC800614301 /* Sources */,
				9A335F8A16AD9EC800614301 /* Frameworks */,
				9A335F8B16AD9EC800614301 /* Resources */,
			);
			buildRules = (
			);
			dependencies = (
			);
			name = xpath;
			productName = xpath;
			productReference = 9A335F8D16AD9EC800614301 /* xpath.app */;
			productType = "com.apple.product-type.application";
		};
/* End PBXNativeTarget section */

/* Begin PBXProject section */
		9A335F8416AD9EC800614301 /* Project object */ = {
			isa = PBXProject;
			attributes = {
				CLASSPREFIX = test;
				LastUpgradeCheck = 0450;
				ORGANIZATIONNAME = "Kato Yu";
			};
			buildConfigurationList = 9A335F8716AD9EC800614301 /* Build configuration list for PBXProject "xpath" */;
			compatibilityVersion = "Xcode 3.2";
			developmentRegion = English;
			hasScannedForEncodings = 0;
			knownRegions = (
				en,
			);
			mainGroup = 9A335F8216AD9EC800614301;
			productRefGroup = 9A335F8E16AD9EC800614301 /* Products */;
			projectDirPath = "";
			projectRoot = "";
			targets = (
				9A335F8C16AD9EC800614301 /* xpath */,
			);
		};
/* End PBXProject section */

/* Begin PBXResourcesBuildPhase section */
		9A335F8B16AD9EC800614301 /* Resources */ = {
			isa = PBXResourcesBuildPhase;
			buildActionMask = 2147483647;
			files = (
				9A335F9C16AD9EC800614301 /* InfoPlist.strings in Resources */,
				9A335FA416AD9EC900614301 /* Default.png in Resources */,
				9A335FA616AD9EC900614301 /* Default@2x.png in Resources */,
				9A335FA816AD9EC900614301 /* Default-568h@2x.png in Resources */,
				9A335FAE16AD9EC900614301 /* testViewController_iPhone.xib in Resources */,
				9A335FB116AD9EC900614301 /* testViewController_iPad.xib in Resources */,
			);
			runOnlyForDeploymentPostprocessing = 0;
		};
/* End PBXResourcesBuildPhase section */

/* Begin PBXSourcesBuildPhase section */
		9A335F8916AD9EC800614301 /* Sources */ = {
			isa = PBXSourcesBuildPhase;
			buildActionMask = 2147483647;
			files = (
				9A335F9E16AD9EC800614301 /* main.m in Sources */,
				9A335FA216AD9EC900614301 /* testAppDelegate.m in Sources */,
				9A335FAB16AD9EC900614301 /* testViewController.m in Sources */,
				9A335FBF16ADA09800614301 /* GDataXMLNode.m in Sources */,
			);
			runOnlyForDeploymentPostprocessing = 0;
		};
/* End PBXSourcesBuildPhase section */

/* Begin PBXVariantGroup section */
		9A335F9A16AD9EC800614301 /* InfoPlist.strings */ = {
			isa = PBXVariantGroup;
			children = (
				9A335F9B16AD9EC800614301 /* en */,
			);
			name = InfoPlist.strings;
			sourceTree = "<group>";
		};
		9A335FAC16AD9EC900614301 /* testViewController_iPhone.xib */ = {
			isa = PBXVariantGroup;
			children = (
				9A335FAD16AD9EC900614301 /* en */,
			);
			name = testViewController_iPhone.xib;
			sourceTree = "<group>";
		};
		9A335FAF16AD9EC900614301 /* testViewController_iPad.xib */ = {
			isa = PBXVariantGroup;
			children = (
				9A335FB016AD9EC900614301 /* en */,
			);
			name = testViewController_iPad.xib;
			sourceTree = "<group>";
		};
/* End PBXVariantGroup section */

/* Begin XCBuildConfiguration section */
		9A335FB216AD9EC900614301 /* Debug */ = {
			isa = XCBuildConfiguration;
			buildSettings = {
				ALWAYS_SEARCH_USER_PATHS = NO;
				CLANG_CXX_LANGUAGE_STANDARD = "gnu++0x";
				CLANG_CXX_LIBRARY = "libc++";
				CLANG_WARN_EMPTY_BODY = YES;
				CLANG_WARN__DUPLICATE_METHOD_MATCH = YES;
				"CODE_SIGN_IDENTITY[sdk=iphoneos*]" = "iPhone Developer";
				COPY_PHASE_STRIP = NO;
				GCC_C_LANGUAGE_STANDARD = gnu99;
				GCC_DYNAMIC_NO_PIC = NO;
				GCC_OPTIMIZATION_LEVEL = 0;
				GCC_PREPROCESSOR_DEFINITIONS = (
					"DEBUG=1",
					"$(inherited)",
				);
				GCC_SYMBOLS_PRIVATE_EXTERN = NO;
				GCC_WARN_ABOUT_RETURN_TYPE = YES;
				GCC_WARN_UNINITIALIZED_AUTOS = YES;
				GCC_WARN_UNUSED_VARIABLE = YES;
				IPHONEOS_DEPLOYMENT_TARGET = 6.0;
				ONLY_ACTIVE_ARCH = YES;
				SDKROOT = iphoneos;
				TARGETED_DEVICE_FAMILY = "1,2";
			};
			name = Debug;
		};
		9A335FB316AD9EC900614301 /* Release */ = {
			isa = XCBuildConfiguration;
			buildSettings = {
				ALWAYS_SEARCH_USER_PATHS = NO;
				CLANG_CXX_LANGUAGE_STANDARD = "gnu++0x";
				CLANG_CXX_LIBRARY = "libc++";
				CLANG_WARN_EMPTY_BODY = YES;
				CLANG_WARN__DUPLICATE_METHOD_MATCH = YES;
				"CODE_SIGN_IDENTITY[sdk=iphoneos*]" = "iPhone Developer";
				COPY_PHASE_STRIP = YES;
				GCC_C_LANGUAGE_STANDARD = gnu99;
				GCC_WARN_ABOUT_RETURN_TYPE = YES;
				GCC_WARN_UNINITIALIZED_AUTOS = YES;
				GCC_WARN_UNUSED_VARIABLE = YES;
				IPHONEOS_DEPLOYMENT_TARGET = 6.0;
				OTHER_CFLAGS = "-DNS_BLOCK_ASSERTIONS=1";
				SDKROOT = iphoneos;
				TARGETED_DEVICE_FAMILY = "1,2";
				VALIDATE_PRODUCT = YES;
			};
			name = Release;
		};
		9A335FB516AD9EC900614301 /* Debug */ = {
			isa = XCBuildConfiguration;
			buildSettings = {
				GCC_PRECOMPILE_PREFIX_HEADER = YES;
				GCC_PREFIX_HEADER = "xpath/xpath-Prefix.pch";
				HEADER_SEARCH_PATHS = "/usr/include/libxml2/**";
				INFOPLIST_FILE = "xpath/xpath-Info.plist";
				OTHER_LDFLAGS = (
					"-lxml2",
					"-ObjC",
				);
				PRODUCT_NAME = "$(TARGET_NAME)";
				WRAPPER_EXTENSION = app;
			};
			name = Debug;
		};
		9A335FB616AD9EC900614301 /* Release */ = {
			isa = XCBuildConfiguration;
			buildSettings = {
				GCC_PRECOMPILE_PREFIX_HEADER = YES;
				GCC_PREFIX_HEADER = "xpath/xpath-Prefix.pch";
				HEADER_SEARCH_PATHS = "/usr/include/libxml2/**";
				INFOPLIST_FILE = "xpath/xpath-Info.plist";
				OTHER_LDFLAGS = (
					"-lxml2",
					"-ObjC",
				);
				PRODUCT_NAME = "$(TARGET_NAME)";
				WRAPPER_EXTENSION = app;
			};
			name = Release;
		};
/* End XCBuildConfiguration section */

/* Begin XCConfigurationList section */
		9A335F8716AD9EC800614301 /* Build configuration list for PBXProject "xpath" */ = {
			isa = XCConfigurationList;
			buildConfigurations = (
				9A335FB216AD9EC900614301 /* Debug */,
				9A335FB316AD9EC900614301 /* Release */,
			);
			defaultConfigurationIsVisible = 0;
			defaultConfigurationName = Release;
		};
		9A335FB416AD9EC900614301 /* Build configuration list for PBXNativeTarget "xpath" */ = {
			isa = XCConfigurationList;
			buildConfigurations = (
				9A335FB516AD9EC900614301 /* Debug */,
				9A335FB616AD9EC900614301 /* Release */,
			);
			defaultConfigurationIsVisible = 0;
		};
/* End XCConfigurationList section */
	};
	rootObject = 9A335F8416AD9EC800614301 /* Project object */;
}
